
Microsoft Visual Studio Solution File, Format Version 12.00
# Visual Studio Version 16
VisualStudioVersion = 16.0.31105.61
MinimumVisualStudioVersion = 10.0.40219.1
Project("{00D1A9C2-B5F0-4AF3-8072-F6C62B433612}") = "HR_DataBase_VSDB", "HR_DataBase_VS\HR_DataBase_VSDB.sqlproj", "{7866ACBF-344A-4669-BC43-085D11DDCA69}"
EndProject
Project("{9A19103F-16F7-4668-BE54-9A1E7A4F7556}") = "HR_DataBase_VSBLL", "HR_DataBase_VSBLL\HR_DataBase_VSBLL.csproj", "{C3408744-8389-4597-8BB4-63B9492AF984}"
EndProject
Project("{9A19103F-16F7-4668-BE54-9A1E7A4F7556}") = "HR_DataBase_VSDAL", "HR_DataBase_VSDAL\HR_DataBase_VSDAL.csproj", "{4EA75103-CC32-42B9-B0B7-CB263341E2BC}"
EndProject
Global
	GlobalSection(SolutionConfigurationPlatforms) = preSolution
		Debug|Any CPU = Debug|Any CPU
		Release|Any CPU = Release|Any CPU
	EndGlobalSection
	GlobalSection(ProjectConfigurationPlatforms) = postSolution
		{7866ACBF-344A-4669-BC43-085D11DDCA69}.Debug|Any CPU.ActiveCfg = Debug|Any CPU
		{7866ACBF-344A-4669-BC43-085D11DDCA69}.Debug|Any CPU.Build.0 = Debug|Any CPU
		{7866ACBF-344A-4669-BC43-085D11DDCA69}.Debug|Any CPU.Deploy.0 = Debug|Any CPU
		{7866ACBF-344A-4669-BC43-085D11DDCA69}.Release|Any CPU.ActiveCfg = Release|Any CPU
		{7866ACBF-344A-4669-BC43-085D11DDCA69}.Release|Any CPU.Build.0 = Release|Any CPU
		{7866ACBF-344A-4669-BC43-085D11DDCA69}.Release|Any CPU.Deploy.0 = Release|Any CPU
		{C3408744-8389-4597-8BB4-63B9492AF984}.Debug|Any CPU.ActiveCfg = Debug|Any CPU
		{C3408744-8389-4597-8BB4-63B9492AF984}.Debug|Any CPU.Build.0 = Debug|Any CPU
		{C3408744-8389-4597-8BB4-63B9492AF984}.Release|Any CPU.ActiveCfg = Release|Any CPU
		{C3408744-8389-4597-8BB4-63B9492AF984}.Release|Any CPU.Build.0 = Release|Any CPU
		{4EA75103-CC32-42B9-B0B7-CB263341E2BC}.Debug|Any CPU.ActiveCfg = Debug|Any CPU
		{4EA75103-CC32-42B9-B0B7-CB263341E2BC}.Debug|Any CPU.Build.0 = Debug|Any CPU
		{4EA75103-CC32-42B9-B0B7-CB263341E2BC}.Release|Any CPU.ActiveCfg = Release|Any CPU
		{4EA75103-CC32-42B9-B0B7-CB263341E2BC}.Release|Any CPU.Build.0 = Release|Any CPU
	EndGlobalSection
	GlobalSection(SolutionProperties) = preSolution
		HideSolutionNode = FALSE
	EndGlobalSection
	GlobalSection(ExtensibilityGlobals) = postSolution
		SolutionGuid = {82E4375C-38FE-4312-BC99-194A0D45F53E}
	EndGlobalSection
EndGlobal
